
Microsoft Visual Studio Solution File, Format Version 12.00
# Visual Studio Version 17
VisualStudioVersion = 17.5.33627.172
MinimumVisualStudioVersion = 10.0.40219.1
Project("{FAE04EC0-301F-11D3-BF4B-00C04F79EFBC}") = "volunteero", "volunteero\volunteero.csproj", "{600CDCE6-91D6-4AD7-8BF6-BD0AFE4B1160}"
EndProject
Global
	GlobalSection(SolutionConfigurationPlatforms) = preSolution
		Debug|Any CPU = Debug|Any CPU
		Release|Any CPU = Release|Any CPU
	EndGlobalSection
	GlobalSection(ProjectConfigurationPlatforms) = postSolution
		{600CDCE6-91D6-4AD7-8BF6-BD0AFE4B1160}.Debug|Any CPU.ActiveCfg = Debug|Any CPU
		{600CDCE6-91D6-4AD7-8BF6-BD0AFE4B1160}.Debug|Any CPU.Build.0 = Debug|Any CPU
		{600CDCE6-91D6-4AD7-8BF6-BD0AFE4B1160}.Release|Any CPU.ActiveCfg = Release|Any CPU
		{600CDCE6-91D6-4AD7-8BF6-BD0AFE4B1160}.Release|Any CPU.Build.0 = Release|Any CPU
	EndGlobalSection
	GlobalSection(SolutionProperties) = preSolution
		HideSolutionNode = FALSE
	EndGlobalSection
	GlobalSection(ExtensibilityGlobals) = postSolution
		SolutionGuid = {3C9BD363-0875-4047-B5C7-AEB19FFD63CD}
	EndGlobalSection
EndGlobal
